
Microsoft Visual Studio Solution File, Format Version 12.00
# Visual Studio Version 16
VisualStudioVersion = 16.0.30011.22
MinimumVisualStudioVersion = 10.0.40219.1
Project("{FAE04EC0-301F-11D3-BF4B-00C04F79EFBC}") = "kolokwium_poprawa_apbd", "kolokwium_poprawa_apbd\kolokwium_poprawa_apbd.csproj", "{FA27B3AB-BF50-41E6-B4FB-9063582AF4D1}"
EndProject
Global
	GlobalSection(SolutionConfigurationPlatforms) = preSolution
		Debug|Any CPU = Debug|Any CPU
		Release|Any CPU = Release|Any CPU
	EndGlobalSection
	GlobalSection(ProjectConfigurationPlatforms) = postSolution
		{FA27B3AB-BF50-41E6-B4FB-9063582AF4D1}.Debug|Any CPU.ActiveCfg = Debug|Any CPU
		{FA27B3AB-BF50-41E6-B4FB-9063582AF4D1}.Debug|Any CPU.Build.0 = Debug|Any CPU
		{FA27B3AB-BF50-41E6-B4FB-9063582AF4D1}.Release|Any CPU.ActiveCfg = Release|Any CPU
		{FA27B3AB-BF50-41E6-B4FB-9063582AF4D1}.Release|Any CPU.Build.0 = Release|Any CPU
	EndGlobalSection
	GlobalSection(SolutionProperties) = preSolution
		HideSolutionNode = FALSE
	EndGlobalSection
	GlobalSection(ExtensibilityGlobals) = postSolution
		SolutionGuid = {E7B1A0D9-99B9-4D30-8FC7-A6088DDEE7E0}
	EndGlobalSection
EndGlobal
